// !$*UTF8*$!
{
	archiveVersion = 1;
	classes = {
	};
	objectVersion = 46;
	objects = {

/* Begin PBXBuildFile section */
		141999201C2177A800A62764 /* AppDelegate.swift in Sources */ = {isa = PBXBuildFile; fileRef = 1419991F1C2177A800A62764 /* AppDelegate.swift */; };
		141999221C2177A800A62764 /* ViewController.swift in Sources */ = {isa = PBXBuildFile; fileRef = 141999211C2177A800A62764 /* ViewController.swift */; };
		141999251C2177A800A62764 /* Main.storyboard in Resources */ = {isa = PBXBuildFile; fileRef = 141999231C2177A800A62764 /* Main.storyboard */; };
		141999281C2177A800A62764 /* Pokedex.xcdatamodeld in Sources */ = {isa = PBXBuildFile; fileRef = 141999261C2177A800A62764 /* Pokedex.xcdatamodeld */; };
		1419992A1C2177A800A62764 /* Assets.xcassets in Resources */ = {isa = PBXBuildFile; fileRef = 141999291C2177A800A62764 /* Assets.xcassets */; };
		1419992D1C2177A800A62764 /* LaunchScreen.storyboard in Resources */ = {isa = PBXBuildFile; fileRef = 1419992B1C2177A800A62764 /* LaunchScreen.storyboard */; };
		141999351C217CA600A62764 /* pokemon.csv in Resources */ = {isa = PBXBuildFile; fileRef = 141999341C217CA600A62764 /* pokemon.csv */; };
/* End PBXBuildFile section */

/* Begin PBXFileReference section */
		1419991C1C2177A800A62764 /* Pokedex.app */ = {isa = PBXFileReference; explicitFileType = wrapper.application; includeInIndex = 0; path = Pokedex.app; sourceTree = BUILT_PRODUCTS_DIR; };
		1419991F1C2177A800A62764 /* AppDelegate.swift */ = {isa = PBXFileReference; lastKnownFileType = sourcecode.swift; path = AppDelegate.swift; sourceTree = "<group>"; };
		141999211C2177A800A62764 /* ViewController.swift */ = {isa = PBXFileReference; lastKnownFileType = sourcecode.swift; path = ViewController.swift; sourceTree = "<group>"; };
		141999241C2177A800A62764 /* Base */ = {isa = PBXFileReference; lastKnownFileType = file.storyboard; name = Base; path = Base.lproj/Main.storyboard; sourceTree = "<group>"; };
		141999271C2177A800A62764 /* Pokedex.xcdatamodel */ = {isa = PBXFileReference; lastKnownFileType = wrapper.xcdatamodel; path = Pokedex.xcdatamodel; sourceTree = "<group>"; };
		141999291C2177A800A62764 /* Assets.xcassets */ = {isa = PBXFileReference; lastKnownFileType = folder.assetcatalog; path = Assets.xcassets; sourceTree = "<group>"; };
		1419992C1C2177A800A62764 /* Base */ = {isa = PBXFileReference; lastKnownFileType = file.storyboard; name = Base; path = Base.lproj/LaunchScreen.storyboard; sourceTree = "<group>"; };
		1419992E1C2177A800A62764 /* Info.plist */ = {isa = PBXFileReference; lastKnownFileType = text.plist.xml; path = Info.plist; sourceTree = "<group>"; };
		141999341C217CA600A62764 /* pokemon.csv */ = {isa = PBXFileReference; fileEncoding = 4; lastKnownFileType = text; path = pokemon.csv; sourceTree = "<group>"; };
/* End PBXFileReference section */

/* Begin PBXFrameworksBuildPhase section */
		141999191C2177A800A62764 /* Frameworks */ = {
			isa = PBXFrameworksBuildPhase;
			buildActionMask = 2147483647;
			files = (
			);
			runOnlyForDeploymentPostprocessing = 0;
		};
/* End PBXFrameworksBuildPhase section */

/* Begin PBXGroup section */
		141999131C2177A800A62764 = {
			isa = PBXGroup;
			children = (
				1419991E1C2177A800A62764 /* Pokedex */,
				1419991D1C2177A800A62764 /* Products */,
			);
			sourceTree = "<group>";
		};
		1419991D1C2177A800A62764 /* Products */ = {
			isa = PBXGroup;
			children = (
				1419991C1C2177A800A62764 /* Pokedex.app */,
			);
			name = Products;
			sourceTree = "<group>";
		};
		1419991E1C2177A800A62764 /* Pokedex */ = {
			isa = PBXGroup;
			children = (
				1419991F1C2177A800A62764 /* AppDelegate.swift */,
				141999211C2177A800A62764 /* ViewController.swift */,
				141999231C2177A800A62764 /* Main.storyboard */,
				141999291C2177A800A62764 /* Assets.xcassets */,
				1419992B1C2177A800A62764 /* LaunchScreen.storyboard */,
				1419992E1C2177A800A62764 /* Info.plist */,
				141999261C2177A800A62764 /* Pokedex.xcdatamodeld */,
				141999341C217CA600A62764 /* pokemon.csv */,
			);
			path = Pokedex;
			sourceTree = "<group>";
		};
/* End PBXGroup section */

/* Begin PBXNativeTarget section */
		1419991B1C2177A800A62764 /* Pokedex */ = {
			isa = PBXNativeTarget;
			buildConfigurationList = 141999311C2177A800A62764 /* Build configuration list for PBXNativeTarget "Pokedex" */;
			buildPhases = (
				141999181C2177A800A62764 /* Sources */,
				141999191C2177A800A62764 /* Frameworks */,
				1419991A1C2177A800A62764 /* Resources */,
			);
			buildRules = (
			);
			dependencies = (
			);
			name = Pokedex;
			productName = Pokedex;
			productReference = 1419991C1C2177A800A62764 /* Pokedex.app */;
			productType = "com.apple.product-type.application";
		};
/* End PBXNativeTarget section */

/* Begin PBXProject section */
		141999141C2177A800A62764 /* Project object */ = {
			isa = PBXProject;
			attributes = {
				LastSwiftUpdateCheck = 0710;
				LastUpgradeCheck = 0710;
				ORGANIZATIONNAME = "Noura Rizk";
				TargetAttributes = {
					1419991B1C2177A800A62764 = {
						CreatedOnToolsVersion = 7.1;
						DevelopmentTeam = EMFZC5SJ44;
					};
				};
			};
			buildConfigurationList = 141999171C2177A800A62764 /* Build configuration list for PBXProject "Pokedex" */;
			compatibilityVersion = "Xcode 3.2";
			developmentRegion = English;
			hasScannedForEncodings = 0;
			knownRegions = (
				en,
				Base,
			);
			mainGroup = 141999131C2177A800A62764;
			productRefGroup = 1419991D1C2177A800A62764 /* Products */;
			projectDirPath = "";
			projectRoot = "";
			targets = (
				1419991B1C2177A800A62764 /* Pokedex */,
			);
		};
/* End PBXProject section */

/* Begin PBXResourcesBuildPhase section */
		1419991A1C2177A800A62764 /* Resources */ = {
			isa = PBXResourcesBuildPhase;
			buildActionMask = 2147483647;
			files = (
				1419992D1C2177A800A62764 /* LaunchScreen.storyboard in Resources */,
				1419992A1C2177A800A62764 /* Assets.xcassets in Resources */,
				141999351C217CA600A62764 /* pokemon.csv in Resources */,
				141999251C2177A800A62764 /* Main.storyboard in Resources */,
			);
			runOnlyForDeploymentPostprocessing = 0;
		};
/* End PBXResourcesBuildPhase section */

/* Begin PBXSourcesBuildPhase section */
		141999181C2177A800A62764 /* Sources */ = {
			isa = PBXSourcesBuildPhase;
			buildActionMask = 2147483647;
			files = (
				141999221C2177A800A62764 /* ViewController.swift in Sources */,
				141999281C2177A800A62764 /* Pokedex.xcdatamodeld in Sources */,
				141999201C2177A800A62764 /* AppDelegate.swift in Sources */,
			);
			runOnlyForDeploymentPostprocessing = 0;
		};
/* End PBXSourcesBuildPhase section */

/* Begin PBXVariantGroup section */
		141999231C2177A800A62764 /* Main.storyboard */ = {
			isa = PBXVariantGroup;
			children = (
				141999241C2177A800A62764 /* Base */,
			);
			name = Main.storyboard;
			sourceTree = "<group>";
		};
		1419992B1C2177A800A62764 /* LaunchScreen.storyboard */ = {
			isa = PBXVariantGroup;
			children = (
				1419992C1C2177A800A62764 /* Base */,
			);
			name = LaunchScreen.storyboard;
			sourceTree = "<group>";
		};
/* End PBXVariantGroup section */

/* Begin XCBuildConfiguration section */
		1419992F1C2177A800A62764 /* Debug */ = {
			isa = XCBuildConfiguration;
			buildSettings = {
				ALWAYS_SEARCH_USER_PATHS = NO;
				CLANG_CXX_LANGUAGE_STANDARD = "gnu++0x";
				CLANG_CXX_LIBRARY = "libc++";
				CLANG_ENABLE_MODULES = YES;
				CLANG_ENABLE_OBJC_ARC = YES;
				CLANG_WARN_BOOL_CONVERSION = YES;
				CLANG_WARN_CONSTANT_CONVERSION = YES;
				CLANG_WARN_DIRECT_OBJC_ISA_USAGE = YES_ERROR;
				CLANG_WARN_EMPTY_BODY = YES;
				CLANG_WARN_ENUM_CONVERSION = YES;
				CLANG_WARN_INT_CONVERSION = YES;
				CLANG_WARN_OBJC_ROOT_CLASS = YES_ERROR;
				CLANG_WARN_UNREACHABLE_CODE = YES;
				CLANG_WARN__DUPLICATE_METHOD_MATCH = YES;
				"CODE_SIGN_IDENTITY[sdk=iphoneos*]" = "iPhone Developer";
				COPY_PHASE_STRIP = NO;
				DEBUG_INFORMATION_FORMAT = dwarf;
				ENABLE_STRICT_OBJC_MSGSEND = YES;
				ENABLE_TESTABILITY = YES;
				GCC_C_LANGUAGE_STANDARD = gnu99;
				GCC_DYNAMIC_NO_PIC = NO;
				GCC_NO_COMMON_BLOCKS = YES;
				GCC_OPTIMIZATION_LEVEL = 0;
				GCC_PREPROCESSOR_DEFINITIONS = (
					"DEBUG=1",
					"$(inherited)",
				);
				GCC_WARN_64_TO_32_BIT_CONVERSION = YES;
				GCC_WARN_ABOUT_RETURN_TYPE = YES_ERROR;
				GCC_WARN_UNDECLARED_SELECTOR = YES;
				GCC_WARN_UNINITIALIZED_AUTOS = YES_AGGRESSIVE;
				GCC_WARN_UNUSED_FUNCTION = YES;
				GCC_WARN_UNUSED_VARIABLE = YES;
				IPHONEOS_DEPLOYMENT_TARGET = 9.1;
				MTL_ENABLE_DEBUG_INFO = YES;
				ONLY_ACTIVE_ARCH = YES;
				SDKROOT = iphoneos;
				SWIFT_OPTIMIZATION_LEVEL = "-Onone";
				TARGETED_DEVICE_FAMILY = "1,2";
			};
			name = Debug;
		};
		141999301C2177A800A62764 /* Release */ = {
			isa = XCBuildConfiguration;
			buildSettings = {
				ALWAYS_SEARCH_USER_PATHS = NO;
				CLANG_CXX_LANGUAGE_STANDARD = "gnu++0x";
				CLANG_CXX_LIBRARY = "libc++";
				CLANG_ENABLE_MODULES = YES;
				CLANG_ENABLE_OBJC_ARC = YES;
				CLANG_WARN_BOOL_CONVERSION = YES;
				CLANG_WARN_CONSTANT_CONVERSION = YES;
				CLANG_WARN_DIRECT_OBJC_ISA_USAGE = YES_ERROR;
				CLANG_WARN_EMPTY_BODY = YES;
				CLANG_WARN_ENUM_CONVERSION = YES;
				CLANG_WARN_INT_CONVERSION = YES;
				CLANG_WARN_OBJC_ROOT_CLASS = YES_ERROR;
				CLANG_WARN_UNREACHABLE_CODE = YES;
				CLANG_WARN__DUPLICATE_METHOD_MATCH = YES;
				"CODE_SIGN_IDENTITY[sdk=iphoneos*]" = "iPhone Developer";
				COPY_PHASE_STRIP = NO;
				DEBUG_INFORMATION_FORMAT = "dwarf-with-dsym";
				ENABLE_NS_ASSERTIONS = NO;
				ENABLE_STRICT_OBJC_MSGSEND = YES;
				GCC_C_LANGUAGE_STANDARD = gnu99;
				GCC_NO_COMMON_BLOCKS = YES;
				GCC_WARN_64_TO_32_BIT_CONVERSION = YES;
				GCC_WARN_ABOUT_RETURN_TYPE = YES_ERROR;
				GCC_WARN_UNDECLARED_SELECTOR = YES;
				GCC_WARN_UNINITIALIZED_AUTOS = YES_AGGRESSIVE;
				GCC_WARN_UNUSED_FUNCTION = YES;
				GCC_WARN_UNUSED_VARIABLE = YES;
				IPHONEOS_DEPLOYMENT_TARGET = 9.1;
				MTL_ENABLE_DEBUG_INFO = NO;
				SDKROOT = iphoneos;
				TARGETED_DEVICE_FAMILY = "1,2";
				VALIDATE_PRODUCT = YES;
			};
			name = Release;
		};
		141999321C2177A800A62764 /* Debug */ = {
			isa = XCBuildConfiguration;
			buildSettings = {
				ASSETCATALOG_COMPILER_APPICON_NAME = AppIcon;
				INFOPLIST_FILE = Pokedex/Info.plist;
				LD_RUNPATH_SEARCH_PATHS = "$(inherited) @executable_path/Frameworks";
				PRODUCT_BUNDLE_IDENTIFIER = co.ntime.Pokedex;
				PRODUCT_NAME = "$(TARGET_NAME)";
			};
			name = Debug;
		};
		141999331C2177A800A62764 /* Release */ = {
			isa = XCBuildConfiguration;
			buildSettings = {
				ASSETCATALOG_COMPILER_APPICON_NAME = AppIcon;
				INFOPLIST_FILE = Pokedex/Info.plist;
				LD_RUNPATH_SEARCH_PATHS = "$(inherited) @executable_path/Frameworks";
				PRODUCT_BUNDLE_IDENTIFIER = co.ntime.Pokedex;
				PRODUCT_NAME = "$(TARGET_NAME)";
			};
			name = Release;
		};
/* End XCBuildConfiguration section */

/* Begin XCConfigurationList section */
		141999171C2177A800A62764 /* Build configuration list for PBXProject "Pokedex" */ = {
			isa = XCConfigurationList;
			buildConfigurations = (
				1419992F1C2177A800A62764 /* Debug */,
				141999301C2177A800A62764 /* Release */,
			);
			defaultConfigurationIsVisible = 0;
			defaultConfigurationName = Release;
		};
		141999311C2177A800A62764 /* Build configuration list for PBXNativeTarget "Pokedex" */ = {
			isa = XCConfigurationList;
			buildConfigurations = (
				141999321C2177A800A62764 /* Debug */,
				141999331C2177A800A62764 /* Release */,
			);
			defaultConfigurationIsVisible = 0;
		};
/* End XCConfigurationList section */

/* Begin XCVersionGroup section */
		141999261C2177A800A62764 /* Pokedex.xcdatamodeld */ = {
			isa = XCVersionGroup;
			children = (
				141999271C2177A800A62764 /* Pokedex.xcdatamodel */,
			);
			currentVersion = 141999271C2177A800A62764 /* Pokedex.xcdatamodel */;
			path = Pokedex.xcdatamodeld;
			sourceTree = "<group>";
			versionGroupType = wrapper.xcdatamodel;
		};
/* End XCVersionGroup section */
	};
	rootObject = 141999141C2177A800A62764 /* Project object */;
}
